
Microsoft Visual Studio Solution File, Format Version 12.00
# Visual Studio Version 17
VisualStudioVersion = 17.11.35312.102
MinimumVisualStudioVersion = 10.0.40219.1
Project("{FAE04EC0-301F-11D3-BF4B-00C04F79EFBC}") = "Opgave 1+2", "Opgave 1+2\Opgave 1+2.csproj", "{6C163C40-DB99-47EC-8F90-D3D6CAD43C0F}"
EndProject
Project("{FAE04EC0-301F-11D3-BF4B-00C04F79EFBC}") = "Opgave 1+2Tests", "Opgave 1+2Tests\Opgave 1+2Tests.csproj", "{C2E49D65-54EA-4E2D-BAE4-CE103E277435}"
EndProject
Global
	GlobalSection(SolutionConfigurationPlatforms) = preSolution
		Debug|Any CPU = Debug|Any CPU
		Release|Any CPU = Release|Any CPU
	EndGlobalSection
	GlobalSection(ProjectConfigurationPlatforms) = postSolution
		{6C163C40-DB99-47EC-8F90-D3D6CAD43C0F}.Debug|Any CPU.ActiveCfg = Debug|Any CPU
		{6C163C40-DB99-47EC-8F90-D3D6CAD43C0F}.Debug|Any CPU.Build.0 = Debug|Any CPU
		{6C163C40-DB99-47EC-8F90-D3D6CAD43C0F}.Release|Any CPU.ActiveCfg = Release|Any CPU
		{6C163C40-DB99-47EC-8F90-D3D6CAD43C0F}.Release|Any CPU.Build.0 = Release|Any CPU
		{C2E49D65-54EA-4E2D-BAE4-CE103E277435}.Debug|Any CPU.ActiveCfg = Debug|Any CPU
		{C2E49D65-54EA-4E2D-BAE4-CE103E277435}.Debug|Any CPU.Build.0 = Debug|Any CPU
		{C2E49D65-54EA-4E2D-BAE4-CE103E277435}.Release|Any CPU.ActiveCfg = Release|Any CPU
		{C2E49D65-54EA-4E2D-BAE4-CE103E277435}.Release|Any CPU.Build.0 = Release|Any CPU
	EndGlobalSection
	GlobalSection(SolutionProperties) = preSolution
		HideSolutionNode = FALSE
	EndGlobalSection
	GlobalSection(ExtensibilityGlobals) = postSolution
		SolutionGuid = {C4AF3CCE-6F8F-40CA-9E86-3FE92BC03292}
	EndGlobalSection
EndGlobal
